
Microsoft Visual Studio Solution File, Format Version 12.00
# Visual Studio 2017
Project("{FAE04EC0-301F-11D3-BF4B-00C04F79EFBC}") = "Terrain Generation", "Terrain Generation.csproj", "{8D69CF1F-6BAF-4232-0CBB-006D823B1A66}"
EndProject
Project("{FAE04EC0-301F-11D3-BF4B-00C04F79EFBC}") = "Terrain Generation.Editor", "Terrain Generation.Editor.csproj", "{CCF6B6CD-5EB5-40EE-94C3-AF7C1AD3D3A1}"
EndProject
Global
	GlobalSection(SolutionConfigurationPlatforms) = preSolution
		Debug|Any CPU = Debug|Any CPU
		Release|Any CPU = Release|Any CPU
	EndGlobalSection
	GlobalSection(ProjectConfigurationPlatforms) = postSolution
		{8D69CF1F-6BAF-4232-0CBB-006D823B1A66}.Debug|Any CPU.ActiveCfg = Debug|Any CPU
		{8D69CF1F-6BAF-4232-0CBB-006D823B1A66}.Debug|Any CPU.Build.0 = Debug|Any CPU
		{8D69CF1F-6BAF-4232-0CBB-006D823B1A66}.Release|Any CPU.ActiveCfg = Release|Any CPU
		{8D69CF1F-6BAF-4232-0CBB-006D823B1A66}.Release|Any CPU.Build.0 = Release|Any CPU
		{CCF6B6CD-5EB5-40EE-94C3-AF7C1AD3D3A1}.Debug|Any CPU.ActiveCfg = Debug|Any CPU
		{CCF6B6CD-5EB5-40EE-94C3-AF7C1AD3D3A1}.Debug|Any CPU.Build.0 = Debug|Any CPU
		{CCF6B6CD-5EB5-40EE-94C3-AF7C1AD3D3A1}.Release|Any CPU.ActiveCfg = Release|Any CPU
		{CCF6B6CD-5EB5-40EE-94C3-AF7C1AD3D3A1}.Release|Any CPU.Build.0 = Release|Any CPU
	EndGlobalSection
	GlobalSection(SolutionProperties) = preSolution
		HideSolutionNode = FALSE
	EndGlobalSection
EndGlobal
